// !$*UTF8*$!
{
	archiveVersion = 1;
	classes = {
	};
	objectVersion = 52;
	objects = {

/* Begin PBXBuildFile section */
		1D863DA725501A0D00375506 /* LocationsCarouselController.swift in Sources */ = {isa = PBXBuildFile; fileRef = 1D863DA625501A0D00375506 /* LocationsCarouselController.swift */; };
		1D863DAC255037A800375506 /* MKMapItem+Address.swift in Sources */ = {isa = PBXBuildFile; fileRef = 1D863DAB255037A800375506 /* MKMapItem+Address.swift */; };
		1DBB78E6254F405D00DD4CAA /* AppDelegate.swift in Sources */ = {isa = PBXBuildFile; fileRef = 1DBB78E5254F405D00DD4CAA /* AppDelegate.swift */; };
		1DBB78E8254F405D00DD4CAA /* SceneDelegate.swift in Sources */ = {isa = PBXBuildFile; fileRef = 1DBB78E7254F405D00DD4CAA /* SceneDelegate.swift */; };
		1DBB78EA254F405D00DD4CAA /* ContentView.swift in Sources */ = {isa = PBXBuildFile; fileRef = 1DBB78E9254F405D00DD4CAA /* ContentView.swift */; };
		1DBB78EC254F406000DD4CAA /* Assets.xcassets in Resources */ = {isa = PBXBuildFile; fileRef = 1DBB78EB254F406000DD4CAA /* Assets.xcassets */; };
		1DBB78EF254F406000DD4CAA /* Preview Assets.xcassets in Resources */ = {isa = PBXBuildFile; fileRef = 1DBB78EE254F406000DD4CAA /* Preview Assets.xcassets */; };
		1DBB78F2254F406100DD4CAA /* LaunchScreen.storyboard in Resources */ = {isa = PBXBuildFile; fileRef = 1DBB78F0254F406100DD4CAA /* LaunchScreen.storyboard */; };
		1DBB78FC254F418F00DD4CAA /* MainController.swift in Sources */ = {isa = PBXBuildFile; fileRef = 1DBB78FB254F418F00DD4CAA /* MainController.swift */; };
		1DBB7900254F479000DD4CAA /* LBTATools in Frameworks */ = {isa = PBXBuildFile; productRef = 1DBB78FF254F479000DD4CAA /* LBTATools */; };
/* End PBXBuildFile section */

/* Begin PBXFileReference section */
		1D863DA625501A0D00375506 /* LocationsCarouselController.swift */ = {isa = PBXFileReference; lastKnownFileType = sourcecode.swift; path = LocationsCarouselController.swift; sourceTree = "<group>"; };
		1D863DAB255037A800375506 /* MKMapItem+Address.swift */ = {isa = PBXFileReference; lastKnownFileType = sourcecode.swift; path = "MKMapItem+Address.swift"; sourceTree = "<group>"; };
		1DBB78E2254F405D00DD4CAA /* MapDirections.app */ = {isa = PBXFileReference; explicitFileType = wrapper.application; includeInIndex = 0; path = MapDirections.app; sourceTree = BUILT_PRODUCTS_DIR; };
		1DBB78E5254F405D00DD4CAA /* AppDelegate.swift */ = {isa = PBXFileReference; lastKnownFileType = sourcecode.swift; path = AppDelegate.swift; sourceTree = "<group>"; };
		1DBB78E7254F405D00DD4CAA /* SceneDelegate.swift */ = {isa = PBXFileReference; lastKnownFileType = sourcecode.swift; path = SceneDelegate.swift; sourceTree = "<group>"; };
		1DBB78E9254F405D00DD4CAA /* ContentView.swift */ = {isa = PBXFileReference; lastKnownFileType = sourcecode.swift; path = ContentView.swift; sourceTree = "<group>"; };
		1DBB78EB254F406000DD4CAA /* Assets.xcassets */ = {isa = PBXFileReference; lastKnownFileType = folder.assetcatalog; path = Assets.xcassets; sourceTree = "<group>"; };
		1DBB78EE254F406000DD4CAA /* Preview Assets.xcassets */ = {isa = PBXFileReference; lastKnownFileType = folder.assetcatalog; path = "Preview Assets.xcassets"; sourceTree = "<group>"; };
		1DBB78F1254F406100DD4CAA /* Base */ = {isa = PBXFileReference; lastKnownFileType = file.storyboard; name = Base; path = Base.lproj/LaunchScreen.storyboard; sourceTree = "<group>"; };
		1DBB78F3254F406100DD4CAA /* Info.plist */ = {isa = PBXFileReference; lastKnownFileType = text.plist.xml; path = Info.plist; sourceTree = "<group>"; };
		1DBB78FB254F418F00DD4CAA /* MainController.swift */ = {isa = PBXFileReference; lastKnownFileType = sourcecode.swift; path = MainController.swift; sourceTree = "<group>"; };
/* End PBXFileReference section */

/* Begin PBXFrameworksBuildPhase section */
		1DBB78DF254F405D00DD4CAA /* Frameworks */ = {
			isa = PBXFrameworksBuildPhase;
			buildActionMask = 2147483647;
			files = (
				1DBB7900254F479000DD4CAA /* LBTATools in Frameworks */,
			);
			runOnlyForDeploymentPostprocessing = 0;
		};
/* End PBXFrameworksBuildPhase section */

/* Begin PBXGroup section */
		1DBB78D9254F405D00DD4CAA = {
			isa = PBXGroup;
			children = (
				1DBB78E4254F405D00DD4CAA /* MapDirections */,
				1DBB78E3254F405D00DD4CAA /* Products */,
			);
			sourceTree = "<group>";
		};
		1DBB78E3254F405D00DD4CAA /* Products */ = {
			isa = PBXGroup;
			children = (
				1DBB78E2254F405D00DD4CAA /* MapDirections.app */,
			);
			name = Products;
			sourceTree = "<group>";
		};
		1DBB78E4254F405D00DD4CAA /* MapDirections */ = {
			isa = PBXGroup;
			children = (
				1DBB78FA254F416F00DD4CAA /* Main */,
				1DBB78E5254F405D00DD4CAA /* AppDelegate.swift */,
				1DBB78E7254F405D00DD4CAA /* SceneDelegate.swift */,
				1DBB78E9254F405D00DD4CAA /* ContentView.swift */,
				1DBB78EB254F406000DD4CAA /* Assets.xcassets */,
				1DBB78F0254F406100DD4CAA /* LaunchScreen.storyboard */,
				1DBB78F3254F406100DD4CAA /* Info.plist */,
				1DBB78ED254F406000DD4CAA /* Preview Content */,
			);
			path = MapDirections;
			sourceTree = "<group>";
		};
		1DBB78ED254F406000DD4CAA /* Preview Content */ = {
			isa = PBXGroup;
			children = (
				1DBB78EE254F406000DD4CAA /* Preview Assets.xcassets */,
			);
			path = "Preview Content";
			sourceTree = "<group>";
		};
		1DBB78FA254F416F00DD4CAA /* Main */ = {
			isa = PBXGroup;
			children = (
				1DBB78FB254F418F00DD4CAA /* MainController.swift */,
				1D863DA625501A0D00375506 /* LocationsCarouselController.swift */,
				1D863DAB255037A800375506 /* MKMapItem+Address.swift */,
			);
			path = Main;
			sourceTree = "<group>";
		};
/* End PBXGroup section */

/* Begin PBXNativeTarget section */
		1DBB78E1254F405D00DD4CAA /* MapDirections */ = {
			isa = PBXNativeTarget;
			buildConfigurationList = 1DBB78F6254F406100DD4CAA /* Build configuration list for PBXNativeTarget "MapDirections" */;
			buildPhases = (
				1DBB78DE254F405D00DD4CAA /* Sources */,
				1DBB78DF254F405D00DD4CAA /* Frameworks */,
				1DBB78E0254F405D00DD4CAA /* Resources */,
			);
			buildRules = (
			);
			dependencies = (
			);
			name = MapDirections;
			packageProductDependencies = (
				1DBB78FF254F479000DD4CAA /* LBTATools */,
			);
			productName = MapDirections;
			productReference = 1DBB78E2254F405D00DD4CAA /* MapDirections.app */;
			productType = "com.apple.product-type.application";
		};
/* End PBXNativeTarget section */

/* Begin PBXProject section */
		1DBB78DA254F405D00DD4CAA /* Project object */ = {
			isa = PBXProject;
			attributes = {
				LastSwiftUpdateCheck = 1210;
				LastUpgradeCheck = 1210;
				TargetAttributes = {
					1DBB78E1254F405D00DD4CAA = {
						CreatedOnToolsVersion = 12.1;
					};
				};
			};
			buildConfigurationList = 1DBB78DD254F405D00DD4CAA /* Build configuration list for PBXProject "MapDirections" */;
			compatibilityVersion = "Xcode 9.3";
			developmentRegion = en;
			hasScannedForEncodings = 0;
			knownRegions = (
				en,
				Base,
			);
			mainGroup = 1DBB78D9254F405D00DD4CAA;
			packageReferences = (
				1DBB78FE254F479000DD4CAA /* XCRemoteSwiftPackageReference "LBTATools" */,
			);
			productRefGroup = 1DBB78E3254F405D00DD4CAA /* Products */;
			projectDirPath = "";
			projectRoot = "";
			targets = (
				1DBB78E1254F405D00DD4CAA /* MapDirections */,
			);
		};
/* End PBXProject section */

/* Begin PBXResourcesBuildPhase section */
		1DBB78E0254F405D00DD4CAA /* Resources */ = {
			isa = PBXResourcesBuildPhase;
			buildActionMask = 2147483647;
			files = (
				1DBB78F2254F406100DD4CAA /* LaunchScreen.storyboard in Resources */,
				1DBB78EF254F406000DD4CAA /* Preview Assets.xcassets in Resources */,
				1DBB78EC254F406000DD4CAA /* Assets.xcassets in Resources */,
			);
			runOnlyForDeploymentPostprocessing = 0;
		};
/* End PBXResourcesBuildPhase section */

/* Begin PBXSourcesBuildPhase section */
		1DBB78DE254F405D00DD4CAA /* Sources */ = {
			isa = PBXSourcesBuildPhase;
			buildActionMask = 2147483647;
			files = (
				1D863DAC255037A800375506 /* MKMapItem+Address.swift in Sources */,
				1DBB78FC254F418F00DD4CAA /* MainController.swift in Sources */,
				1DBB78E6254F405D00DD4CAA /* AppDelegate.swift in Sources */,
				1DBB78E8254F405D00DD4CAA /* SceneDelegate.swift in Sources */,
				1DBB78EA254F405D00DD4CAA /* ContentView.swift in Sources */,
				1D863DA725501A0D00375506 /* LocationsCarouselController.swift in Sources */,
			);
			runOnlyForDeploymentPostprocessing = 0;
		};
/* End PBXSourcesBuildPhase section */

/* Begin PBXVariantGroup section */
		1DBB78F0254F406100DD4CAA /* LaunchScreen.storyboard */ = {
			isa = PBXVariantGroup;
			children = (
				1DBB78F1254F406100DD4CAA /* Base */,
			);
			name = LaunchScreen.storyboard;
			sourceTree = "<group>";
		};
/* End PBXVariantGroup section */

/* Begin XCBuildConfiguration section */
		1DBB78F4254F406100DD4CAA /* Debug */ = {
			isa = XCBuildConfiguration;
			buildSettings = {
				ALWAYS_SEARCH_USER_PATHS = NO;
				CLANG_ANALYZER_NONNULL = YES;
				CLANG_ANALYZER_NUMBER_OBJECT_CONVERSION = YES_AGGRESSIVE;
				CLANG_CXX_LANGUAGE_STANDARD = "gnu++14";
				CLANG_CXX_LIBRARY = "libc++";
				CLANG_ENABLE_MODULES = YES;
				CLANG_ENABLE_OBJC_ARC = YES;
				CLANG_ENABLE_OBJC_WEAK = YES;
				CLANG_WARN_BLOCK_CAPTURE_AUTORELEASING = YES;
				CLANG_WARN_BOOL_CONVERSION = YES;
				CLANG_WARN_COMMA = YES;
				CLANG_WARN_CONSTANT_CONVERSION = YES;
				CLANG_WARN_DEPRECATED_OBJC_IMPLEMENTATIONS = YES;
				CLANG_WARN_DIRECT_OBJC_ISA_USAGE = YES_ERROR;
				CLANG_WARN_DOCUMENTATION_COMMENTS = YES;
				CLANG_WARN_EMPTY_BODY = YES;
				CLANG_WARN_ENUM_CONVERSION = YES;
				CLANG_WARN_INFINITE_RECURSION = YES;
				CLANG_WARN_INT_CONVERSION = YES;
				CLANG_WARN_NON_LITERAL_NULL_CONVERSION = YES;
				CLANG_WARN_OBJC_IMPLICIT_RETAIN_SELF = YES;
				CLANG_WARN_OBJC_LITERAL_CONVERSION = YES;
				CLANG_WARN_OBJC_ROOT_CLASS = YES_ERROR;
				CLANG_WARN_QUOTED_INCLUDE_IN_FRAMEWORK_HEADER = YES;
				CLANG_WARN_RANGE_LOOP_ANALYSIS = YES;
				CLANG_WARN_STRICT_PROTOTYPES = YES;
				CLANG_WARN_SUSPICIOUS_MOVE = YES;
				CLANG_WARN_UNGUARDED_AVAILABILITY = YES_AGGRESSIVE;
				CLANG_WARN_UNREACHABLE_CODE = YES;
				CLANG_WARN__DUPLICATE_METHOD_MATCH = YES;
				COPY_PHASE_STRIP = NO;
				DEBUG_INFORMATION_FORMAT = dwarf;
				ENABLE_STRICT_OBJC_MSGSEND = YES;
				ENABLE_TESTABILITY = YES;
				GCC_C_LANGUAGE_STANDARD = gnu11;
				GCC_DYNAMIC_NO_PIC = NO;
				GCC_NO_COMMON_BLOCKS = YES;
				GCC_OPTIMIZATION_LEVEL = 0;
				GCC_PREPROCESSOR_DEFINITIONS = (
					"DEBUG=1",
					"$(inherited)",
				);
				GCC_WARN_64_TO_32_BIT_CONVERSION = YES;
				GCC_WARN_ABOUT_RETURN_TYPE = YES_ERROR;
				GCC_WARN_UNDECLARED_SELECTOR = YES;
				GCC_WARN_UNINITIALIZED_AUTOS = YES_AGGRESSIVE;
				GCC_WARN_UNUSED_FUNCTION = YES;
				GCC_WARN_UNUSED_VARIABLE = YES;
				IPHONEOS_DEPLOYMENT_TARGET = 14.1;
				MTL_ENABLE_DEBUG_INFO = INCLUDE_SOURCE;
				MTL_FAST_MATH = YES;
				ONLY_ACTIVE_ARCH = YES;
				SDKROOT = iphoneos;
				SWIFT_ACTIVE_COMPILATION_CONDITIONS = DEBUG;
				SWIFT_OPTIMIZATION_LEVEL = "-Onone";
			};
			name = Debug;
		};
		1DBB78F5254F406100DD4CAA /* Release */ = {
			isa = XCBuildConfiguration;
			buildSettings = {
				ALWAYS_SEARCH_USER_PATHS = NO;
				CLANG_ANALYZER_NONNULL = YES;
				CLANG_ANALYZER_NUMBER_OBJECT_CONVERSION = YES_AGGRESSIVE;
				CLANG_CXX_LANGUAGE_STANDARD = "gnu++14";
				CLANG_CXX_LIBRARY = "libc++";
				CLANG_ENABLE_MODULES = YES;
				CLANG_ENABLE_OBJC_ARC = YES;
				CLANG_ENABLE_OBJC_WEAK = YES;
				CLANG_WARN_BLOCK_CAPTURE_AUTORELEASING = YES;
				CLANG_WARN_BOOL_CONVERSION = YES;
				CLANG_WARN_COMMA = YES;
				CLANG_WARN_CONSTANT_CONVERSION = YES;
				CLANG_WARN_DEPRECATED_OBJC_IMPLEMENTATIONS = YES;
				CLANG_WARN_DIRECT_OBJC_ISA_USAGE = YES_ERROR;
				CLANG_WARN_DOCUMENTATION_COMMENTS = YES;
				CLANG_WARN_EMPTY_BODY = YES;
				CLANG_WARN_ENUM_CONVERSION = YES;
				CLANG_WARN_INFINITE_RECURSION = YES;
				CLANG_WARN_INT_CONVERSION = YES;
				CLANG_WARN_NON_LITERAL_NULL_CONVERSION = YES;
				CLANG_WARN_OBJC_IMPLICIT_RETAIN_SELF = YES;
				CLANG_WARN_OBJC_LITERAL_CONVERSION = YES;
				CLANG_WARN_OBJC_ROOT_CLASS = YES_ERROR;
				CLANG_WARN_QUOTED_INCLUDE_IN_FRAMEWORK_HEADER = YES;
				CLANG_WARN_RANGE_LOOP_ANALYSIS = YES;
				CLANG_WARN_STRICT_PROTOTYPES = YES;
				CLANG_WARN_SUSPICIOUS_MOVE = YES;
				CLANG_WARN_UNGUARDED_AVAILABILITY = YES_AGGRESSIVE;
				CLANG_WARN_UNREACHABLE_CODE = YES;
				CLANG_WARN__DUPLICATE_METHOD_MATCH = YES;
				COPY_PHASE_STRIP = NO;
				DEBUG_INFORMATION_FORMAT = "dwarf-with-dsym";
				ENABLE_NS_ASSERTIONS = NO;
				ENABLE_STRICT_OBJC_MSGSEND = YES;
				GCC_C_LANGUAGE_STANDARD = gnu11;
				GCC_NO_COMMON_BLOCKS = YES;
				GCC_WARN_64_TO_32_BIT_CONVERSION = YES;
				GCC_WARN_ABOUT_RETURN_TYPE = YES_ERROR;
				GCC_WARN_UNDECLARED_SELECTOR = YES;
				GCC_WARN_UNINITIALIZED_AUTOS = YES_AGGRESSIVE;
				GCC_WARN_UNUSED_FUNCTION = YES;
				GCC_WARN_UNUSED_VARIABLE = YES;
				IPHONEOS_DEPLOYMENT_TARGET = 14.1;
				MTL_ENABLE_DEBUG_INFO = NO;
				MTL_FAST_MATH = YES;
				SDKROOT = iphoneos;
				SWIFT_COMPILATION_MODE = wholemodule;
				SWIFT_OPTIMIZATION_LEVEL = "-O";
				VALIDATE_PRODUCT = YES;
			};
			name = Release;
		};
		1DBB78F7254F406100DD4CAA /* Debug */ = {
			isa = XCBuildConfiguration;
			buildSettings = {
				ASSETCATALOG_COMPILER_APPICON_NAME = AppIcon;
				ASSETCATALOG_COMPILER_GLOBAL_ACCENT_COLOR_NAME = AccentColor;
				CODE_SIGN_STYLE = Automatic;
				DEVELOPMENT_ASSET_PATHS = "\"MapDirections/Preview Content\"";
				ENABLE_PREVIEWS = YES;
				INFOPLIST_FILE = MapDirections/Info.plist;
				LD_RUNPATH_SEARCH_PATHS = (
					"$(inherited)",
					"@executable_path/Frameworks",
				);
				PRODUCT_BUNDLE_IDENTIFIER = com.ri.MapDirections;
				PRODUCT_NAME = "$(TARGET_NAME)";
				SWIFT_VERSION = 5.0;
				TARGETED_DEVICE_FAMILY = "1,2";
			};
			name = Debug;
		};
		1DBB78F8254F406100DD4CAA /* Release */ = {
			isa = XCBuildConfiguration;
			buildSettings = {
				ASSETCATALOG_COMPILER_APPICON_NAME = AppIcon;
				ASSETCATALOG_COMPILER_GLOBAL_ACCENT_COLOR_NAME = AccentColor;
				CODE_SIGN_STYLE = Automatic;
				DEVELOPMENT_ASSET_PATHS = "\"MapDirections/Preview Content\"";
				ENABLE_PREVIEWS = YES;
				INFOPLIST_FILE = MapDirections/Info.plist;
				LD_RUNPATH_SEARCH_PATHS = (
					"$(inherited)",
					"@executable_path/Frameworks",
				);
				PRODUCT_BUNDLE_IDENTIFIER = com.ri.MapDirections;
				PRODUCT_NAME = "$(TARGET_NAME)";
				SWIFT_VERSION = 5.0;
				TARGETED_DEVICE_FAMILY = "1,2";
			};
			name = Release;
		};
/* End XCBuildConfiguration section */

/* Begin XCConfigurationList section */
		1DBB78DD254F405D00DD4CAA /* Build configuration list for PBXProject "MapDirections" */ = {
			isa = XCConfigurationList;
			buildConfigurations = (
				1DBB78F4254F406100DD4CAA /* Debug */,
				1DBB78F5254F406100DD4CAA /* Release */,
			);
			defaultConfigurationIsVisible = 0;
			defaultConfigurationName = Release;
		};
		1DBB78F6254F406100DD4CAA /* Build configuration list for PBXNativeTarget "MapDirections" */ = {
			isa = XCConfigurationList;
			buildConfigurations = (
				1DBB78F7254F406100DD4CAA /* Debug */,
				1DBB78F8254F406100DD4CAA /* Release */,
			);
			defaultConfigurationIsVisible = 0;
			defaultConfigurationName = Release;
		};
/* End XCConfigurationList section */

/* Begin XCRemoteSwiftPackageReference section */
		1DBB78FE254F479000DD4CAA /* XCRemoteSwiftPackageReference "LBTATools" */ = {
			isa = XCRemoteSwiftPackageReference;
			repositoryURL = "https://github.com/bhlvoong/LBTATools.git";
			requirement = {
				kind = upToNextMajorVersion;
				minimumVersion = 1.0.17;
			};
		};
/* End XCRemoteSwiftPackageReference section */

/* Begin XCSwiftPackageProductDependency section */
		1DBB78FF254F479000DD4CAA /* LBTATools */ = {
			isa = XCSwiftPackageProductDependency;
			package = 1DBB78FE254F479000DD4CAA /* XCRemoteSwiftPackageReference "LBTATools" */;
			productName = LBTATools;
		};
/* End XCSwiftPackageProductDependency section */
	};
	rootObject = 1DBB78DA254F405D00DD4CAA /* Project object */;
}
